
Microsoft Visual Studio Solution File, Format Version 12.00
# Visual Studio 2013
VisualStudioVersion = 12.0.40629.0
MinimumVisualStudioVersion = 10.0.40219.1
Project("{8BC9CEB8-8B4A-11D0-8D11-00A0C91BC942}") = "MSO_Demo", "MSO_Demo\MSO_Demo.vs120.vcxproj", "{599A70DC-613E-4C25-A995-EC88C9479581}"
EndProject
Project("{8BC9CEB8-8B4A-11D0-8D11-00A0C91BC942}") = "MSO_FVP_Login", "MSO_FVP_Login\MSO_FVP_Login.vs120.vcxproj", "{A071E20B-D526-418E-9EFD-FE40B1A92908}"
EndProject
Project("{8BC9CEB8-8B4A-11D0-8D11-00A0C91BC942}") = "Mso_ServerPipe", "Mso_ServerPipe\Mso_ServerPipe.vs120.vcxproj", "{7DE4153F-E0EE-4F2D-93CF-529AD93167C1}"
EndProject
Project("{FAE04EC0-301F-11D3-BF4B-00C04F79EFBC}") = "Sample_GenericAcquisitionComponent", "Sample_GenericAcquisitionComponent\Sample_GenericAcquisitionComponent.csproj", "{23F1ADF2-7282-4D20-80C1-17354FE46998}"
EndProject
Global
	GlobalSection(SolutionConfigurationPlatforms) = preSolution
		Debug|Win32 = Debug|Win32
		Debug|x64 = Debug|x64
		Release|Win32 = Release|Win32
		Release|x64 = Release|x64
	EndGlobalSection
	GlobalSection(ProjectConfigurationPlatforms) = postSolution
		{599A70DC-613E-4C25-A995-EC88C9479581}.Debug|Win32.ActiveCfg = Debug|Win32
		{599A70DC-613E-4C25-A995-EC88C9479581}.Debug|Win32.Build.0 = Debug|Win32
		{599A70DC-613E-4C25-A995-EC88C9479581}.Debug|x64.ActiveCfg = Debug|x64
		{599A70DC-613E-4C25-A995-EC88C9479581}.Debug|x64.Build.0 = Debug|x64
		{599A70DC-613E-4C25-A995-EC88C9479581}.Release|Win32.ActiveCfg = Release|Win32
		{599A70DC-613E-4C25-A995-EC88C9479581}.Release|Win32.Build.0 = Release|Win32
		{599A70DC-613E-4C25-A995-EC88C9479581}.Release|x64.ActiveCfg = Release|x64
		{599A70DC-613E-4C25-A995-EC88C9479581}.Release|x64.Build.0 = Release|x64
		{A071E20B-D526-418E-9EFD-FE40B1A92908}.Debug|Win32.ActiveCfg = Debug|Win32
		{A071E20B-D526-418E-9EFD-FE40B1A92908}.Debug|Win32.Build.0 = Debug|Win32
		{A071E20B-D526-418E-9EFD-FE40B1A92908}.Debug|x64.ActiveCfg = Debug|x64
		{A071E20B-D526-418E-9EFD-FE40B1A92908}.Debug|x64.Build.0 = Debug|x64
		{A071E20B-D526-418E-9EFD-FE40B1A92908}.Release|Win32.ActiveCfg = Release|Win32
		{A071E20B-D526-418E-9EFD-FE40B1A92908}.Release|Win32.Build.0 = Release|Win32
		{A071E20B-D526-418E-9EFD-FE40B1A92908}.Release|x64.ActiveCfg = Release|x64
		{A071E20B-D526-418E-9EFD-FE40B1A92908}.Release|x64.Build.0 = Release|x64
		{7DE4153F-E0EE-4F2D-93CF-529AD93167C1}.Debug|Win32.ActiveCfg = Debug|Win32
		{7DE4153F-E0EE-4F2D-93CF-529AD93167C1}.Debug|Win32.Build.0 = Debug|Win32
		{7DE4153F-E0EE-4F2D-93CF-529AD93167C1}.Debug|x64.ActiveCfg = Debug|x64
		{7DE4153F-E0EE-4F2D-93CF-529AD93167C1}.Debug|x64.Build.0 = Debug|x64
		{7DE4153F-E0EE-4F2D-93CF-529AD93167C1}.Release|Win32.ActiveCfg = Release|Win32
		{7DE4153F-E0EE-4F2D-93CF-529AD93167C1}.Release|Win32.Build.0 = Release|Win32
		{7DE4153F-E0EE-4F2D-93CF-529AD93167C1}.Release|x64.ActiveCfg = Release|x64
		{7DE4153F-E0EE-4F2D-93CF-529AD93167C1}.Release|x64.Build.0 = Release|x64
		{23F1ADF2-7282-4D20-80C1-17354FE46998}.Debug|Win32.ActiveCfg = Debug|Win32
		{23F1ADF2-7282-4D20-80C1-17354FE46998}.Debug|Win32.Build.0 = Debug|Win32
		{23F1ADF2-7282-4D20-80C1-17354FE46998}.Debug|x64.ActiveCfg = Debug|x64
		{23F1ADF2-7282-4D20-80C1-17354FE46998}.Debug|x64.Build.0 = Debug|x64
		{23F1ADF2-7282-4D20-80C1-17354FE46998}.Release|Win32.ActiveCfg = Release|Win32
		{23F1ADF2-7282-4D20-80C1-17354FE46998}.Release|Win32.Build.0 = Release|Win32
		{23F1ADF2-7282-4D20-80C1-17354FE46998}.Release|x64.ActiveCfg = Release|x64
		{23F1ADF2-7282-4D20-80C1-17354FE46998}.Release|x64.Build.0 = Release|x64
	EndGlobalSection
	GlobalSection(SolutionProperties) = preSolution
		HideSolutionNode = FALSE
	EndGlobalSection
EndGlobal
