<?xml version="1.0" encoding="utf-8"?>
<Project ToolsVersion="4.0" xmlns="http://schemas.microsoft.com/developer/msbuild/2003">
  <ItemGroup>
    <Filter Include="Source Files">
      <UniqueIdentifier>{4fd824a8-d414-4182-8595-a69a14bc6068}</UniqueIdentifier>
      <Extensions>cpp;c;cxx;rc;def;r;odl;idl;hpj;bat</Extensions>
    </Filter>
    <Filter Include="Header Files">
      <UniqueIdentifier>{852c8987-3489-44cb-b269-4e3241a89e96}</UniqueIdentifier>
      <Extensions>h;hpp;hxx;hm;inl</Extensions>
    </Filter>
    <Filter Include="Resource Files">
      <UniqueIdentifier>{e65e9627-4c86-44be-b151-224184170014}</UniqueIdentifier>
      <Extensions>ico;cur;bmp;dlg;rc2;rct;bin;rgs;gif;jpg;jpeg;jpe</Extensions>
    </Filter>
  </ItemGroup>
  <ItemGroup>
    <ClCompile Include="BioOperationPSheet.cpp">
      <Filter>Source Files</Filter>
    </ClCompile>
    <ClCompile Include="ConnectDlg.cpp">
      <Filter>Source Files</Filter>
    </ClCompile>
    <ClCompile Include="ConvertRawtoBmp.cpp">
      <Filter>Source Files</Filter>
    </ClCompile>
    <ClCompile Include="ConvertSDKError.cpp">
      <Filter>Source Files</Filter>
    </ClCompile>
    <ClCompile Include="DBaseCreateOption.cpp">
      <Filter>Source Files</Filter>
    </ClCompile>
    <ClCompile Include="DisplayImageDlg.cpp">
      <Filter>Source Files</Filter>
    </ClCompile>
    <ClCompile Include="DisplayMSOConfDlg.cpp">
      <Filter>Source Files</Filter>
    </ClCompile>
    <ClCompile Include="DiversificationData.cpp">
      <Filter>Source Files</Filter>
    </ClCompile>
    <ClCompile Include="DrawTitle.cpp">
      <Filter>Source Files</Filter>
    </ClCompile>
    <ClCompile Include="FingerPrintCtrl.cpp">
      <Filter>Source Files</Filter>
    </ClCompile>
    <ClCompile Include="GB_BioDemoCard.cpp">
      <Filter>Source Files</Filter>
    </ClCompile>
    <ClCompile Include="GUIMediaVideo.cpp">
      <Filter>Source Files</Filter>
    </ClCompile>
    <ClCompile Include="ISO19794_FIR_InfoDlg.cpp">
      <Filter>Source Files</Filter>
    </ClCompile>
    <ClCompile Include="MSO_Demo.cpp">
      <Filter>Source Files</Filter>
    </ClCompile>
    <ClCompile Include="MSO_DemoDlg.cpp">
      <Filter>Source Files</Filter>
    </ClCompile>
    <ClCompile Include="Pipe_Tcp.cpp">
      <Filter>Source Files</Filter>
    </ClCompile>
    <ClCompile Include="PPageCode.cpp">
      <Filter>Source Files</Filter>
    </ClCompile>
    <ClCompile Include="PPageEnroll.cpp">
      <Filter>Source Files</Filter>
    </ClCompile>
    <ClCompile Include="PPageGetImage.cpp">
      <Filter>Source Files</Filter>
    </ClCompile>
    <ClCompile Include="PPageIdentify.cpp">
      <Filter>Source Files</Filter>
    </ClCompile>
    <ClCompile Include="PPageMoc.cpp">
      <Filter>Source Files</Filter>
    </ClCompile>
    <ClCompile Include="PPageProcess.cpp">
      <Filter>Source Files</Filter>
    </ClCompile>
    <ClCompile Include="PPageVerify.cpp">
      <Filter>Source Files</Filter>
    </ClCompile>
    <ClCompile Include="ProgressInit.cpp">
      <Filter>Source Files</Filter>
    </ClCompile>
    <ClCompile Include="ResultDlg.cpp">
      <Filter>Source Files</Filter>
    </ClCompile>
    <ClCompile Include="SagemBioDemoCard.cpp">
      <Filter>Source Files</Filter>
    </ClCompile>
    <ClCompile Include="SCardReader.cpp">
      <Filter>Source Files</Filter>
    </ClCompile>
    <ClCompile Include="SmartcardYpsID.cpp">
      <Filter>Source Files</Filter>
    </ClCompile>
    <ClCompile Include="Sp_ClientPipe.cpp">
      <Filter>Source Files</Filter>
    </ClCompile>
    <ClCompile Include="Sp_Pipe_Functions.cpp">
      <Filter>Source Files</Filter>
    </ClCompile>
    <ClCompile Include="StdAfx.cpp">
      <Filter>Source Files</Filter>
    </ClCompile>
    <ClCompile Include="TabBioSettings.cpp">
      <Filter>Source Files</Filter>
    </ClCompile>
    <ClCompile Include="TabCtrl.cpp">
      <Filter>Source Files</Filter>
    </ClCompile>
    <ClCompile Include="TabDbInfo.cpp">
      <Filter>Source Files</Filter>
    </ClCompile>
    <ClCompile Include="TabOptions.cpp">
      <Filter>Source Files</Filter>
    </ClCompile>
    <ClCompile Include="..\Common files\MORPHO_Image.cpp">
      <Filter>Source Files</Filter>
    </ClCompile>
    <ClCompile Include="GetInfoDlg.cpp">
      <Filter>Source Files</Filter>
    </ClCompile>
  </ItemGroup>
  <ItemGroup>
    <ClInclude Include="BioOperationPSheet.h">
      <Filter>Header Files</Filter>
    </ClInclude>
    <ClInclude Include="ConnectDlg.h">
      <Filter>Header Files</Filter>
    </ClInclude>
    <ClInclude Include="ConvertRawToBmp.h">
      <Filter>Header Files</Filter>
    </ClInclude>
    <ClInclude Include="..\MSO_Login\ConvertSDKError.h">
      <Filter>Header Files</Filter>
    </ClInclude>
    <ClInclude Include="DBaseCreateOption.h">
      <Filter>Header Files</Filter>
    </ClInclude>
    <ClInclude Include="DisplayMSOConfDlg.h">
      <Filter>Header Files</Filter>
    </ClInclude>
    <ClInclude Include="DiversificationData.h">
      <Filter>Header Files</Filter>
    </ClInclude>
    <ClInclude Include="DrawTitle.h">
      <Filter>Header Files</Filter>
    </ClInclude>
    <ClInclude Include="FingerPrintCtrl.h">
      <Filter>Header Files</Filter>
    </ClInclude>
    <ClInclude Include="GB_BioDemoCard.h">
      <Filter>Header Files</Filter>
    </ClInclude>
    <ClInclude Include="GUIMediaVideo.h">
      <Filter>Header Files</Filter>
    </ClInclude>
    <ClInclude Include="ISO19794_FIR_InfoDlg.h">
      <Filter>Header Files</Filter>
    </ClInclude>
    <ClInclude Include="MSO_Demo.h">
      <Filter>Header Files</Filter>
    </ClInclude>
    <ClInclude Include="MSO_DemoDlg.h">
      <Filter>Header Files</Filter>
    </ClInclude>
    <ClInclude Include="Pipe_Tcp.h">
      <Filter>Header Files</Filter>
    </ClInclude>
    <ClInclude Include="PPageCode.h">
      <Filter>Header Files</Filter>
    </ClInclude>
    <ClInclude Include="PPageEnroll.h">
      <Filter>Header Files</Filter>
    </ClInclude>
    <ClInclude Include="PPageGetImage.h">
      <Filter>Header Files</Filter>
    </ClInclude>
    <ClInclude Include="PPageIdentify.h">
      <Filter>Header Files</Filter>
    </ClInclude>
    <ClInclude Include="PPageMoc.h">
      <Filter>Header Files</Filter>
    </ClInclude>
    <ClInclude Include="PPageProcess.h">
      <Filter>Header Files</Filter>
    </ClInclude>
    <ClInclude Include="PPageVerify.h">
      <Filter>Header Files</Filter>
    </ClInclude>
    <ClInclude Include="ProgressInit.h">
      <Filter>Header Files</Filter>
    </ClInclude>
    <ClInclude Include="Resource.h">
      <Filter>Header Files</Filter>
    </ClInclude>
    <ClInclude Include="ResultDlg.h">
      <Filter>Header Files</Filter>
    </ClInclude>
    <ClInclude Include="SagemBioDemoCard.h">
      <Filter>Header Files</Filter>
    </ClInclude>
    <ClInclude Include="SCardReader.h">
      <Filter>Header Files</Filter>
    </ClInclude>
    <ClInclude Include="Smartcard.h">
      <Filter>Header Files</Filter>
    </ClInclude>
    <ClInclude Include="Smartcard_Error.h">
      <Filter>Header Files</Filter>
    </ClInclude>
    <ClInclude Include="SmartcardYpsID.h">
      <Filter>Header Files</Filter>
    </ClInclude>
    <ClInclude Include="Sp_ClientPipe.h">
      <Filter>Header Files</Filter>
    </ClInclude>
    <ClInclude Include="Sp_Pipe_Functions.h">
      <Filter>Header Files</Filter>
    </ClInclude>
    <ClInclude Include="StdAfx.h">
      <Filter>Header Files</Filter>
    </ClInclude>
    <ClInclude Include="TabBioSettings.h">
      <Filter>Header Files</Filter>
    </ClInclude>
    <ClInclude Include="TabCtrl.h">
      <Filter>Header Files</Filter>
    </ClInclude>
    <ClInclude Include="TabDbInfo.h">
      <Filter>Header Files</Filter>
    </ClInclude>
    <ClInclude Include="TabOptions.h">
      <Filter>Header Files</Filter>
    </ClInclude>
    <ClInclude Include="..\Common files\MORPHO_Image.h">
      <Filter>Header Files</Filter>
    </ClInclude>
    <ClInclude Include="GetInfoDlg.h">
      <Filter>Header Files</Filter>
    </ClInclude>
  </ItemGroup>
  <ItemGroup>
    <Image Include="res\bitmap1.bmp">
      <Filter>Resource Files</Filter>
    </Image>
    <Image Include="res\bitmap_g.bmp">
      <Filter>Resource Files</Filter>
    </Image>
    <Image Include="res\bitmap_l.bmp">
      <Filter>Resource Files</Filter>
    </Image>
    <Image Include="res\bitmap_r.bmp">
      <Filter>Resource Files</Filter>
    </Image>
    <Image Include="res\bitmap_y.bmp">
      <Filter>Resource Files</Filter>
    </Image>
    <Image Include="res\bmp00001.bmp">
      <Filter>Resource Files</Filter>
    </Image>
    <Image Include="res\bmp00002.bmp">
      <Filter>Resource Files</Filter>
    </Image>
    <Image Include="res\down.bmp">
      <Filter>Resource Files</Filter>
    </Image>
    <Image Include="res\flechedroit.bmp">
      <Filter>Resource Files</Filter>
    </Image>
    <Image Include="res\hand_lef.bmp">
      <Filter>Resource Files</Filter>
    </Image>
    <Image Include="res\ico00001.ico">
      <Filter>Resource Files</Filter>
    </Image>
    <Image Include="res\icon_arr.ico">
      <Filter>Resource Files</Filter>
    </Image>
    <Image Include="res\ko.bmp">
      <Filter>Resource Files</Filter>
    </Image>
    <Image Include="res\left.bmp">
      <Filter>Resource Files</Filter>
    </Image>
    <Image Include="res\logoMorphoBleu.bmp">
      <Filter>Resource Files</Filter>
    </Image>
    <Image Include="res\logoMorphoNoir.bmp">
      <Filter>Resource Files</Filter>
    </Image>
    <Image Include="res\LogoSagem.bmp">
      <Filter>Resource Files</Filter>
    </Image>
    <Image Include="res\logoSagemBleu.bmp">
      <Filter>Resource Files</Filter>
    </Image>
    <Image Include="res\logoSagemNoir.bmp">
      <Filter>Resource Files</Filter>
    </Image>
    <Image Include="res\MSO_Demo.ico">
      <Filter>Resource Files</Filter>
    </Image>
    <Image Include="res\no.ico">
      <Filter>Resource Files</Filter>
    </Image>
    <Image Include="res\nok.ico">
      <Filter>Resource Files</Filter>
    </Image>
    <Image Include="res\ok.bmp">
      <Filter>Resource Files</Filter>
    </Image>
    <Image Include="res\ok.ico">
      <Filter>Resource Files</Filter>
    </Image>
    <Image Include="res\ppage_en.ico">
      <Filter>Resource Files</Filter>
    </Image>
    <Image Include="res\right.bmp">
      <Filter>Resource Files</Filter>
    </Image>
    <Image Include="res\up.bmp">
      <Filter>Resource Files</Filter>
    </Image>
    <Image Include="res\yes.ico">
      <Filter>Resource Files</Filter>
    </Image>
  </ItemGroup>
  <ItemGroup>
    <None Include="res\cursor1.cur">
      <Filter>Resource Files</Filter>
    </None>
    <None Include="res\MSO_Demo.rc2">
      <Filter>Resource Files</Filter>
    </None>
  </ItemGroup>
  <ItemGroup>
    <ResourceCompile Include="MSO_Demo.rc">
      <Filter>Resource Files</Filter>
    </ResourceCompile>
  </ItemGroup>
</Project>