<?xml version="1.0" encoding="utf-8"?>
<Project ToolsVersion="4.0" xmlns="http://schemas.microsoft.com/developer/msbuild/2003">
  <ItemGroup>
    <Filter Include="Source Files">
      <UniqueIdentifier>{8fc148b1-bc9e-47f8-9b41-a1f2edf1ff5b}</UniqueIdentifier>
      <Extensions>cpp;c;cxx;rc;def;r;odl;idl;hpj;bat</Extensions>
    </Filter>
    <Filter Include="Header Files">
      <UniqueIdentifier>{0101bc68-e632-45a5-8ff0-b36fa12b09de}</UniqueIdentifier>
      <Extensions>h;hpp;hxx;hm;inl</Extensions>
    </Filter>
    <Filter Include="Resource Files">
      <UniqueIdentifier>{2484246b-4152-4fbd-a319-cf2cbdd85a96}</UniqueIdentifier>
      <Extensions>ico;cur;bmp;dlg;rc2;rct;bin;rgs;gif;jpg;jpeg;jpe</Extensions>
    </Filter>
  </ItemGroup>
  <ItemGroup>
    <ClCompile Include="ConnectDlg.cpp">
      <Filter>Source Files</Filter>
    </ClCompile>
    <ClCompile Include="ConvertSDKError.cpp">
      <Filter>Source Files</Filter>
    </ClCompile>
    <ClCompile Include="GUIMediaVideo.cpp">
      <Filter>Source Files</Filter>
    </ClCompile>
    <ClCompile Include="MSO_FVP_Login.cpp">
      <Filter>Source Files</Filter>
    </ClCompile>
    <ClCompile Include="MSO_FVP_LoginDlg.cpp">
      <Filter>Source Files</Filter>
    </ClCompile>
    <ClCompile Include="ResultDlg.cpp">
      <Filter>Source Files</Filter>
    </ClCompile>
    <ClCompile Include="SecurityLvlDlg.cpp">
      <Filter>Source Files</Filter>
    </ClCompile>
    <ClCompile Include="StdAfx.cpp">
      <Filter>Source Files</Filter>
    </ClCompile>
    <ClCompile Include="..\Common files\MORPHO_Image.cpp">
      <Filter>Source Files</Filter>
    </ClCompile>
  </ItemGroup>
  <ItemGroup>
    <ClInclude Include="ConnectDlg.h">
      <Filter>Header Files</Filter>
    </ClInclude>
    <ClInclude Include="ConvertSDKError.h">
      <Filter>Header Files</Filter>
    </ClInclude>
    <ClInclude Include="GUIMediaVideo.h">
      <Filter>Header Files</Filter>
    </ClInclude>
    <ClInclude Include="MSO_FVP_Login.h">
      <Filter>Header Files</Filter>
    </ClInclude>
    <ClInclude Include="MSO_FVP_LoginDlg.h">
      <Filter>Header Files</Filter>
    </ClInclude>
    <ClInclude Include="Resource.h">
      <Filter>Header Files</Filter>
    </ClInclude>
    <ClInclude Include="ResultDlg.h">
      <Filter>Header Files</Filter>
    </ClInclude>
    <ClInclude Include="SecurityLvlDlg.h">
      <Filter>Header Files</Filter>
    </ClInclude>
    <ClInclude Include="StdAfx.h">
      <Filter>Header Files</Filter>
    </ClInclude>
    <ClInclude Include="..\Common files\MORPHO_Image.h">
      <Filter>Header Files</Filter>
    </ClInclude>
  </ItemGroup>
  <ItemGroup>
    <Image Include="res\btn\Close.bmp">
      <Filter>Resource Files</Filter>
    </Image>
    <Image Include="res\btn\config.bmp">
      <Filter>Resource Files</Filter>
    </Image>
    <Image Include="res\btn\Disabled_Close.bmp">
      <Filter>Resource Files</Filter>
    </Image>
    <Image Include="res\btn\Disabled_EraseBd.bmp">
      <Filter>Resource Files</Filter>
    </Image>
    <Image Include="res\btn\Disabled_NewUser.bmp">
      <Filter>Resource Files</Filter>
    </Image>
    <Image Include="res\btn\Disabled_ScLevel.bmp">
      <Filter>Resource Files</Filter>
    </Image>
    <Image Include="res\btn\Empty.bmp">
      <Filter>Resource Files</Filter>
    </Image>
    <Image Include="res\btn\Enroll.bmp">
      <Filter>Resource Files</Filter>
    </Image>
    <Image Include="res\btn\EraseBd.bmp">
      <Filter>Resource Files</Filter>
    </Image>
    <Image Include="res\ico00001.ico">
      <Filter>Resource Files</Filter>
    </Image>
    <Image Include="res\ico00002.ico">
      <Filter>Resource Files</Filter>
    </Image>
    <Image Include="res\icon1.ico">
      <Filter>Resource Files</Filter>
    </Image>
    <Image Include="res\btn\Identify_Mode.bmp">
      <Filter>Resource Files</Filter>
    </Image>
    <Image Include="res\idr_main.ico">
      <Filter>Resource Files</Filter>
    </Image>
    <Image Include="res\ko.bmp">
      <Filter>Resource Files</Filter>
    </Image>
    <Image Include="res\btn\Morpho.bmp">
      <Filter>Resource Files</Filter>
    </Image>
    <Image Include="res\MSO_FVP_Login.ico">
      <Filter>Resource Files</Filter>
    </Image>
    <Image Include="res\btn\NewUser.bmp">
      <Filter>Resource Files</Filter>
    </Image>
    <Image Include="res\ok.bmp">
      <Filter>Resource Files</Filter>
    </Image>
    <Image Include="res\btn\ScLevel.bmp">
      <Filter>Resource Files</Filter>
    </Image>
    <Image Include="res\btn\Stop_Enroll.bmp">
      <Filter>Resource Files</Filter>
    </Image>
  </ItemGroup>
  <ItemGroup>
    <None Include="res\MSO_FVP_Login.rc2">
      <Filter>Resource Files</Filter>
    </None>
  </ItemGroup>
  <ItemGroup>
    <ResourceCompile Include="MSO_FVP_Login.rc">
      <Filter>Resource Files</Filter>
    </ResourceCompile>
  </ItemGroup>
</Project>